
Microsoft Visual Studio Solution File, Format Version 12.00
# Visual Studio Version 17
VisualStudioVersion = 17.11.35222.181
MinimumVisualStudioVersion = 10.0.40219.1
Project("{8BC9CEB8-8B4A-11D0-8D11-00A0C91BC942}") = "PhoneBook 15.09.24", "PhoneBook 15.09.24\PhoneBook 15.09.24.vcxproj", "{1144BF2E-FA92-4A47-9FAE-0473E0AA6B11}"
EndProject
Global
	GlobalSection(SolutionConfigurationPlatforms) = preSolution
		Debug|x64 = Debug|x64
		Debug|x86 = Debug|x86
		Release|x64 = Release|x64
		Release|x86 = Release|x86
	EndGlobalSection
	GlobalSection(ProjectConfigurationPlatforms) = postSolution
		{1144BF2E-FA92-4A47-9FAE-0473E0AA6B11}.Debug|x64.ActiveCfg = Debug|x64
		{1144BF2E-FA92-4A47-9FAE-0473E0AA6B11}.Debug|x64.Build.0 = Debug|x64
		{1144BF2E-FA92-4A47-9FAE-0473E0AA6B11}.Debug|x86.ActiveCfg = Debug|Win32
		{1144BF2E-FA92-4A47-9FAE-0473E0AA6B11}.Debug|x86.Build.0 = Debug|Win32
		{1144BF2E-FA92-4A47-9FAE-0473E0AA6B11}.Release|x64.ActiveCfg = Release|x64
		{1144BF2E-FA92-4A47-9FAE-0473E0AA6B11}.Release|x64.Build.0 = Release|x64
		{1144BF2E-FA92-4A47-9FAE-0473E0AA6B11}.Release|x86.ActiveCfg = Release|Win32
		{1144BF2E-FA92-4A47-9FAE-0473E0AA6B11}.Release|x86.Build.0 = Release|Win32
	EndGlobalSection
	GlobalSection(SolutionProperties) = preSolution
		HideSolutionNode = FALSE
	EndGlobalSection
	GlobalSection(ExtensibilityGlobals) = postSolution
		SolutionGuid = {32076237-3AB6-42E7-A5C6-0BC7F703D6A9}
	EndGlobalSection
EndGlobal
